
Microsoft Visual Studio Solution File, Format Version 12.00
Project("{FAE04EC0-301F-11D3-BF4B-00C04F79EFBC}") = "AssultCube_Trainer", "AssultCube_Trainer.csproj", "{17370739-9C08-4A8C-BE59-39908571F8CB}"
EndProject
Global
	GlobalSection(SolutionConfigurationPlatforms) = preSolution
		Debug|Any CPU = Debug|Any CPU
		Release|Any CPU = Release|Any CPU
	EndGlobalSection
	GlobalSection(ProjectConfigurationPlatforms) = postSolution
		{17370739-9C08-4A8C-BE59-39908571F8CB}.Debug|Any CPU.ActiveCfg = Debug|Any CPU
		{17370739-9C08-4A8C-BE59-39908571F8CB}.Debug|Any CPU.Build.0 = Debug|Any CPU
		{17370739-9C08-4A8C-BE59-39908571F8CB}.Release|Any CPU.ActiveCfg = Release|Any CPU
		{17370739-9C08-4A8C-BE59-39908571F8CB}.Release|Any CPU.Build.0 = Release|Any CPU
	EndGlobalSection
EndGlobal
